{
  "name": "co_driver",
  "version": "1.0.0",
  "lockfileVersion": 1,
  "requires": true,
  "dependencies": {
    "bankcardinfo": {
      "version": "2.0.6",
      "resolved": "https://registry.npm.taobao.org/bankcardinfo/download/bankcardinfo-2.0.6.tgz",
      "integrity": "sha1-05+zahi8fSdQ3NTsJVa8d0aqQ8U=",
      "requires": {
        "bluebird": "^3.4.1"
      }
    },
    "bluebird": {
      "version": "3.7.2",
      "resolved": "https://registry.npm.taobao.org/bluebird/download/bluebird-3.7.2.tgz?cache=0&sync_timestamp=1589682744631&other_urls=https%3A%2F%2Fregistry.npm.taobao.org%2Fbluebird%2Fdownload%2Fbluebird-3.7.2.tgz",
      "integrity": "sha1-nyKcFb4nJFT/qXOs4NvueaGww28="
    },
    "uview-ui": {
      "version": "1.6.3",
      "resolved": "https://registry.npm.taobao.org/uview-ui/download/uview-ui-1.6.3.tgz",
      "integrity": "sha1-tHQWe/qjZWb65WUJV6JL8VvCuVg="
    }
  }
}
